
Microsoft Visual Studio Solution File, Format Version 12.00
# Visual Studio 15
VisualStudioVersion = 15.0.27130.2020
MinimumVisualStudioVersion = 10.0.40219.1
Project("{9A19103F-16F7-4668-BE54-9A1E7A4F7556}") = "NorgesEnergi", "NorgesEnergi.csproj", "{1C10CA02-5D9E-4FD9-9DF2-14722D08A75D}"
EndProject
Global
	GlobalSection(SolutionConfigurationPlatforms) = preSolution
		Debug|Any CPU = Debug|Any CPU
		Release|Any CPU = Release|Any CPU
	EndGlobalSection
	GlobalSection(ProjectConfigurationPlatforms) = postSolution
		{1C10CA02-5D9E-4FD9-9DF2-14722D08A75D}.Debug|Any CPU.ActiveCfg = Debug|Any CPU
		{1C10CA02-5D9E-4FD9-9DF2-14722D08A75D}.Debug|Any CPU.Build.0 = Debug|Any CPU
		{1C10CA02-5D9E-4FD9-9DF2-14722D08A75D}.Release|Any CPU.ActiveCfg = Release|Any CPU
		{1C10CA02-5D9E-4FD9-9DF2-14722D08A75D}.Release|Any CPU.Build.0 = Release|Any CPU
	EndGlobalSection
	GlobalSection(SolutionProperties) = preSolution
		HideSolutionNode = FALSE
	EndGlobalSection
	GlobalSection(ExtensibilityGlobals) = postSolution
		SolutionGuid = {425C56E5-CE27-437E-A144-5C7ACDA5A67B}
	EndGlobalSection
EndGlobal
