
Microsoft Visual Studio Solution File, Format Version 12.00
# Visual Studio 15
VisualStudioVersion = 15.0.27130.2020
MinimumVisualStudioVersion = 10.0.40219.1
Project("{FAE04EC0-301F-11D3-BF4B-00C04F79EFBC}") = "NorgesEnergi wep app", "NorgesEnergi wep app\NorgesEnergi wep app.csproj", "{A014F62D-8FBB-4EDA-91C5-FDDBF356B98A}"
EndProject
Project("{FAE04EC0-301F-11D3-BF4B-00C04F79EFBC}") = "NorgesEnergi wep app.Tests", "NorgesEnergi wep app.Tests\NorgesEnergi wep app.Tests.csproj", "{B6313E54-BCCB-4771-B82B-B88B61A53810}"
EndProject
Project("{E53339B2-1760-4266-BCC7-CA923CBCF16C}") = "docker-compose", "docker-compose.dcproj", "{15853408-8336-4BBE-ABAF-CFF2BB2AC301}"
EndProject
Global
	GlobalSection(SolutionConfigurationPlatforms) = preSolution
		Debug|Any CPU = Debug|Any CPU
		Release|Any CPU = Release|Any CPU
	EndGlobalSection
	GlobalSection(ProjectConfigurationPlatforms) = postSolution
		{A014F62D-8FBB-4EDA-91C5-FDDBF356B98A}.Debug|Any CPU.ActiveCfg = Debug|Any CPU
		{A014F62D-8FBB-4EDA-91C5-FDDBF356B98A}.Debug|Any CPU.Build.0 = Debug|Any CPU
		{A014F62D-8FBB-4EDA-91C5-FDDBF356B98A}.Release|Any CPU.ActiveCfg = Release|Any CPU
		{A014F62D-8FBB-4EDA-91C5-FDDBF356B98A}.Release|Any CPU.Build.0 = Release|Any CPU
		{B6313E54-BCCB-4771-B82B-B88B61A53810}.Debug|Any CPU.ActiveCfg = Debug|Any CPU
		{B6313E54-BCCB-4771-B82B-B88B61A53810}.Debug|Any CPU.Build.0 = Debug|Any CPU
		{B6313E54-BCCB-4771-B82B-B88B61A53810}.Release|Any CPU.ActiveCfg = Release|Any CPU
		{B6313E54-BCCB-4771-B82B-B88B61A53810}.Release|Any CPU.Build.0 = Release|Any CPU
		{15853408-8336-4BBE-ABAF-CFF2BB2AC301}.Debug|Any CPU.ActiveCfg = Debug|Any CPU
		{15853408-8336-4BBE-ABAF-CFF2BB2AC301}.Debug|Any CPU.Build.0 = Debug|Any CPU
		{15853408-8336-4BBE-ABAF-CFF2BB2AC301}.Release|Any CPU.ActiveCfg = Release|Any CPU
		{15853408-8336-4BBE-ABAF-CFF2BB2AC301}.Release|Any CPU.Build.0 = Release|Any CPU
	EndGlobalSection
	GlobalSection(SolutionProperties) = preSolution
		HideSolutionNode = FALSE
	EndGlobalSection
	GlobalSection(ExtensibilityGlobals) = postSolution
		SolutionGuid = {DE414B69-E26A-46BA-8C8E-379B8C242D80}
	EndGlobalSection
EndGlobal
