
Microsoft Visual Studio Solution File, Format Version 12.00
# Visual Studio 15
VisualStudioVersion = 15.0.27130.2027
MinimumVisualStudioVersion = 10.0.40219.1
Project("{FAE04EC0-301F-11D3-BF4B-00C04F79EFBC}") = "TelosNE", "TelosNE\TelosNE.csproj", "{6A488A75-0F7E-4A27-9523-3E60D0D48DAA}"
EndProject
Global
	GlobalSection(SolutionConfigurationPlatforms) = preSolution
		Debug|Any CPU = Debug|Any CPU
		Release|Any CPU = Release|Any CPU
	EndGlobalSection
	GlobalSection(ProjectConfigurationPlatforms) = postSolution
		{6A488A75-0F7E-4A27-9523-3E60D0D48DAA}.Debug|Any CPU.ActiveCfg = Debug|Any CPU
		{6A488A75-0F7E-4A27-9523-3E60D0D48DAA}.Debug|Any CPU.Build.0 = Debug|Any CPU
		{6A488A75-0F7E-4A27-9523-3E60D0D48DAA}.Release|Any CPU.ActiveCfg = Release|Any CPU
		{6A488A75-0F7E-4A27-9523-3E60D0D48DAA}.Release|Any CPU.Build.0 = Release|Any CPU
	EndGlobalSection
	GlobalSection(SolutionProperties) = preSolution
		HideSolutionNode = FALSE
	EndGlobalSection
	GlobalSection(ExtensibilityGlobals) = postSolution
		SolutionGuid = {1F84CE39-8659-4231-B05C-B3E532A1F57F}
	EndGlobalSection
EndGlobal
